// !$*UTF8*$!
{
	archiveVersion = 1;
	classes = {
	};
	objectVersion = 46;
	objects = {

/* Begin PBXBuildFile section */
		D7B1A83E1B69B76200C6E6E2 /* AppDelegate.swift in Sources */ = {isa = PBXBuildFile; fileRef = D7B1A83D1B69B76200C6E6E2 /* AppDelegate.swift */; };
		D7B1A8401B69B76200C6E6E2 /* ViewController.swift in Sources */ = {isa = PBXBuildFile; fileRef = D7B1A83F1B69B76200C6E6E2 /* ViewController.swift */; };
		D7B1A8431B69B76200C6E6E2 /* Main.storyboard in Resources */ = {isa = PBXBuildFile; fileRef = D7B1A8411B69B76200C6E6E2 /* Main.storyboard */; };
		D7B1A8451B69B76200C6E6E2 /* Images.xcassets in Resources */ = {isa = PBXBuildFile; fileRef = D7B1A8441B69B76200C6E6E2 /* Images.xcassets */; };
		D7B1A8481B69B76200C6E6E2 /* LaunchScreen.xib in Resources */ = {isa = PBXBuildFile; fileRef = D7B1A8461B69B76200C6E6E2 /* LaunchScreen.xib */; };
		D7B1A8541B69B76200C6E6E2 /* Rain_rain_go_away_Tests.swift in Sources */ = {isa = PBXBuildFile; fileRef = D7B1A8531B69B76200C6E6E2 /* Rain_rain_go_away_Tests.swift */; };
/* End PBXBuildFile section */

/* Begin PBXContainerItemProxy section */
		D7B1A84E1B69B76200C6E6E2 /* PBXContainerItemProxy */ = {
			isa = PBXContainerItemProxy;
			containerPortal = D7B1A8301B69B76100C6E6E2 /* Project object */;
			proxyType = 1;
			remoteGlobalIDString = D7B1A8371B69B76200C6E6E2;
			remoteInfo = "Rain rain go away!";
		};
/* End PBXContainerItemProxy section */

/* Begin PBXFileReference section */
		D7B1A8381B69B76200C6E6E2 /* Rain rain go away!.app */ = {isa = PBXFileReference; explicitFileType = wrapper.application; includeInIndex = 0; path = "Rain rain go away!.app"; sourceTree = BUILT_PRODUCTS_DIR; };
		D7B1A83C1B69B76200C6E6E2 /* Info.plist */ = {isa = PBXFileReference; lastKnownFileType = text.plist.xml; path = Info.plist; sourceTree = "<group>"; };
		D7B1A83D1B69B76200C6E6E2 /* AppDelegate.swift */ = {isa = PBXFileReference; lastKnownFileType = sourcecode.swift; path = AppDelegate.swift; sourceTree = "<group>"; };
		D7B1A83F1B69B76200C6E6E2 /* ViewController.swift */ = {isa = PBXFileReference; lastKnownFileType = sourcecode.swift; path = ViewController.swift; sourceTree = "<group>"; };
		D7B1A8421B69B76200C6E6E2 /* Base */ = {isa = PBXFileReference; lastKnownFileType = file.storyboard; name = Base; path = Base.lproj/Main.storyboard; sourceTree = "<group>"; };
		D7B1A8441B69B76200C6E6E2 /* Images.xcassets */ = {isa = PBXFileReference; lastKnownFileType = folder.assetcatalog; path = Images.xcassets; sourceTree = "<group>"; };
		D7B1A8471B69B76200C6E6E2 /* Base */ = {isa = PBXFileReference; lastKnownFileType = file.xib; name = Base; path = Base.lproj/LaunchScreen.xib; sourceTree = "<group>"; };
		D7B1A84D1B69B76200C6E6E2 /* Rain rain go away!Tests.xctest */ = {isa = PBXFileReference; explicitFileType = wrapper.cfbundle; includeInIndex = 0; path = "Rain rain go away!Tests.xctest"; sourceTree = BUILT_PRODUCTS_DIR; };
		D7B1A8521B69B76200C6E6E2 /* Info.plist */ = {isa = PBXFileReference; lastKnownFileType = text.plist.xml; path = Info.plist; sourceTree = "<group>"; };
		D7B1A8531B69B76200C6E6E2 /* Rain_rain_go_away_Tests.swift */ = {isa = PBXFileReference; lastKnownFileType = sourcecode.swift; path = Rain_rain_go_away_Tests.swift; sourceTree = "<group>"; };
/* End PBXFileReference section */

/* Begin PBXFrameworksBuildPhase section */
		D7B1A8351B69B76200C6E6E2 /* Frameworks */ = {
			isa = PBXFrameworksBuildPhase;
			buildActionMask = 2147483647;
			files = (
			);
			runOnlyForDeploymentPostprocessing = 0;
		};
		D7B1A84A1B69B76200C6E6E2 /* Frameworks */ = {
			isa = PBXFrameworksBuildPhase;
			buildActionMask = 2147483647;
			files = (
			);
			runOnlyForDeploymentPostprocessing = 0;
		};
/* End PBXFrameworksBuildPhase section */

/* Begin PBXGroup section */
		D7B1A82F1B69B76100C6E6E2 = {
			isa = PBXGroup;
			children = (
				D7B1A83A1B69B76200C6E6E2 /* Rain rain go away! */,
				D7B1A8501B69B76200C6E6E2 /* Rain rain go away!Tests */,
				D7B1A8391B69B76200C6E6E2 /* Products */,
			);
			sourceTree = "<group>";
		};
		D7B1A8391B69B76200C6E6E2 /* Products */ = {
			isa = PBXGroup;
			children = (
				D7B1A8381B69B76200C6E6E2 /* Rain rain go away!.app */,
				D7B1A84D1B69B76200C6E6E2 /* Rain rain go away!Tests.xctest */,
			);
			name = Products;
			sourceTree = "<group>";
		};
		D7B1A83A1B69B76200C6E6E2 /* Rain rain go away! */ = {
			isa = PBXGroup;
			children = (
				D7B1A83D1B69B76200C6E6E2 /* AppDelegate.swift */,
				D7B1A83F1B69B76200C6E6E2 /* ViewController.swift */,
				D7B1A8411B69B76200C6E6E2 /* Main.storyboard */,
				D7B1A8441B69B76200C6E6E2 /* Images.xcassets */,
				D7B1A8461B69B76200C6E6E2 /* LaunchScreen.xib */,
				D7B1A83B1B69B76200C6E6E2 /* Supporting Files */,
			);
			path = "Rain rain go away!";
			sourceTree = "<group>";
		};
		D7B1A83B1B69B76200C6E6E2 /* Supporting Files */ = {
			isa = PBXGroup;
			children = (
				D7B1A83C1B69B76200C6E6E2 /* Info.plist */,
			);
			name = "Supporting Files";
			sourceTree = "<group>";
		};
		D7B1A8501B69B76200C6E6E2 /* Rain rain go away!Tests */ = {
			isa = PBXGroup;
			children = (
				D7B1A8531B69B76200C6E6E2 /* Rain_rain_go_away_Tests.swift */,
				D7B1A8511B69B76200C6E6E2 /* Supporting Files */,
			);
			path = "Rain rain go away!Tests";
			sourceTree = "<group>";
		};
		D7B1A8511B69B76200C6E6E2 /* Supporting Files */ = {
			isa = PBXGroup;
			children = (
				D7B1A8521B69B76200C6E6E2 /* Info.plist */,
			);
			name = "Supporting Files";
			sourceTree = "<group>";
		};
/* End PBXGroup section */

/* Begin PBXNativeTarget section */
		D7B1A8371B69B76200C6E6E2 /* Rain rain go away! */ = {
			isa = PBXNativeTarget;
			buildConfigurationList = D7B1A8571B69B76200C6E6E2 /* Build configuration list for PBXNativeTarget "Rain rain go away!" */;
			buildPhases = (
				D7B1A8341B69B76200C6E6E2 /* Sources */,
				D7B1A8351B69B76200C6E6E2 /* Frameworks */,
				D7B1A8361B69B76200C6E6E2 /* Resources */,
			);
			buildRules = (
			);
			dependencies = (
			);
			name = "Rain rain go away!";
			productName = "Rain rain go away!";
			productReference = D7B1A8381B69B76200C6E6E2 /* Rain rain go away!.app */;
			productType = "com.apple.product-type.application";
		};
		D7B1A84C1B69B76200C6E6E2 /* Rain rain go away!Tests */ = {
			isa = PBXNativeTarget;
			buildConfigurationList = D7B1A85A1B69B76200C6E6E2 /* Build configuration list for PBXNativeTarget "Rain rain go away!Tests" */;
			buildPhases = (
				D7B1A8491B69B76200C6E6E2 /* Sources */,
				D7B1A84A1B69B76200C6E6E2 /* Frameworks */,
				D7B1A84B1B69B76200C6E6E2 /* Resources */,
			);
			buildRules = (
			);
			dependencies = (
				D7B1A84F1B69B76200C6E6E2 /* PBXTargetDependency */,
			);
			name = "Rain rain go away!Tests";
			productName = "Rain rain go away!Tests";
			productReference = D7B1A84D1B69B76200C6E6E2 /* Rain rain go away!Tests.xctest */;
			productType = "com.apple.product-type.bundle.unit-test";
		};
/* End PBXNativeTarget section */

/* Begin PBXProject section */
		D7B1A8301B69B76100C6E6E2 /* Project object */ = {
			isa = PBXProject;
			attributes = {
				LastUpgradeCheck = 0610;
				ORGANIZATIONNAME = "Kevin Cheng";
				TargetAttributes = {
					D7B1A8371B69B76200C6E6E2 = {
						CreatedOnToolsVersion = 6.1;
					};
					D7B1A84C1B69B76200C6E6E2 = {
						CreatedOnToolsVersion = 6.1;
						TestTargetID = D7B1A8371B69B76200C6E6E2;
					};
				};
			};
			buildConfigurationList = D7B1A8331B69B76100C6E6E2 /* Build configuration list for PBXProject "Rain rain go away!" */;
			compatibilityVersion = "Xcode 3.2";
			developmentRegion = English;
			hasScannedForEncodings = 0;
			knownRegions = (
				en,
				Base,
			);
			mainGroup = D7B1A82F1B69B76100C6E6E2;
			productRefGroup = D7B1A8391B69B76200C6E6E2 /* Products */;
			projectDirPath = "";
			projectRoot = "";
			targets = (
				D7B1A8371B69B76200C6E6E2 /* Rain rain go away! */,
				D7B1A84C1B69B76200C6E6E2 /* Rain rain go away!Tests */,
			);
		};
/* End PBXProject section */

/* Begin PBXResourcesBuildPhase section */
		D7B1A8361B69B76200C6E6E2 /* Resources */ = {
			isa = PBXResourcesBuildPhase;
			buildActionMask = 2147483647;
			files = (
				D7B1A8431B69B76200C6E6E2 /* Main.storyboard in Resources */,
				D7B1A8481B69B76200C6E6E2 /* LaunchScreen.xib in Resources */,
				D7B1A8451B69B76200C6E6E2 /* Images.xcassets in Resources */,
			);
			runOnlyForDeploymentPostprocessing = 0;
		};
		D7B1A84B1B69B76200C6E6E2 /* Resources */ = {
			isa = PBXResourcesBuildPhase;
			buildActionMask = 2147483647;
			files = (
			);
			runOnlyForDeploymentPostprocessing = 0;
		};
/* End PBXResourcesBuildPhase section */

/* Begin PBXSourcesBuildPhase section */
		D7B1A8341B69B76200C6E6E2 /* Sources */ = {
			isa = PBXSourcesBuildPhase;
			buildActionMask = 2147483647;
			files = (
				D7B1A8401B69B76200C6E6E2 /* ViewController.swift in Sources */,
				D7B1A83E1B69B76200C6E6E2 /* AppDelegate.swift in Sources */,
			);
			runOnlyForDeploymentPostprocessing = 0;
		};
		D7B1A8491B69B76200C6E6E2 /* Sources */ = {
			isa = PBXSourcesBuildPhase;
			buildActionMask = 2147483647;
			files = (
				D7B1A8541B69B76200C6E6E2 /* Rain_rain_go_away_Tests.swift in Sources */,
			);
			runOnlyForDeploymentPostprocessing = 0;
		};
/* End PBXSourcesBuildPhase section */

/* Begin PBXTargetDependency section */
		D7B1A84F1B69B76200C6E6E2 /* PBXTargetDependency */ = {
			isa = PBXTargetDependency;
			target = D7B1A8371B69B76200C6E6E2 /* Rain rain go away! */;
			targetProxy = D7B1A84E1B69B76200C6E6E2 /* PBXContainerItemProxy */;
		};
/* End PBXTargetDependency section */

/* Begin PBXVariantGroup section */
		D7B1A8411B69B76200C6E6E2 /* Main.storyboard */ = {
			isa = PBXVariantGroup;
			children = (
				D7B1A8421B69B76200C6E6E2 /* Base */,
			);
			name = Main.storyboard;
			sourceTree = "<group>";
		};
		D7B1A8461B69B76200C6E6E2 /* LaunchScreen.xib */ = {
			isa = PBXVariantGroup;
			children = (
				D7B1A8471B69B76200C6E6E2 /* Base */,
			);
			name = LaunchScreen.xib;
			sourceTree = "<group>";
		};
/* End PBXVariantGroup section */

/* Begin XCBuildConfiguration section */
		D7B1A8551B69B76200C6E6E2 /* Debug */ = {
			isa = XCBuildConfiguration;
			buildSettings = {
				ALWAYS_SEARCH_USER_PATHS = NO;
				CLANG_CXX_LANGUAGE_STANDARD = "gnu++0x";
				CLANG_CXX_LIBRARY = "libc++";
				CLANG_ENABLE_MODULES = YES;
				CLANG_ENABLE_OBJC_ARC = YES;
				CLANG_WARN_BOOL_CONVERSION = YES;
				CLANG_WARN_CONSTANT_CONVERSION = YES;
				CLANG_WARN_DIRECT_OBJC_ISA_USAGE = YES_ERROR;
				CLANG_WARN_EMPTY_BODY = YES;
				CLANG_WARN_ENUM_CONVERSION = YES;
				CLANG_WARN_INT_CONVERSION = YES;
				CLANG_WARN_OBJC_ROOT_CLASS = YES_ERROR;
				CLANG_WARN_UNREACHABLE_CODE = YES;
				CLANG_WARN__DUPLICATE_METHOD_MATCH = YES;
				"CODE_SIGN_IDENTITY[sdk=iphoneos*]" = "iPhone Developer";
				COPY_PHASE_STRIP = NO;
				ENABLE_STRICT_OBJC_MSGSEND = YES;
				GCC_C_LANGUAGE_STANDARD = gnu99;
				GCC_DYNAMIC_NO_PIC = NO;
				GCC_OPTIMIZATION_LEVEL = 0;
				GCC_PREPROCESSOR_DEFINITIONS = (
					"DEBUG=1",
					"$(inherited)",
				);
				GCC_SYMBOLS_PRIVATE_EXTERN = NO;
				GCC_WARN_64_TO_32_BIT_CONVERSION = YES;
				GCC_WARN_ABOUT_RETURN_TYPE = YES_ERROR;
				GCC_WARN_UNDECLARED_SELECTOR = YES;
				GCC_WARN_UNINITIALIZED_AUTOS = YES_AGGRESSIVE;
				GCC_WARN_UNUSED_FUNCTION = YES;
				GCC_WARN_UNUSED_VARIABLE = YES;
				IPHONEOS_DEPLOYMENT_TARGET = 8.1;
				MTL_ENABLE_DEBUG_INFO = YES;
				ONLY_ACTIVE_ARCH = YES;
				SDKROOT = iphoneos;
				SWIFT_OPTIMIZATION_LEVEL = "-Onone";
			};
			name = Debug;
		};
		D7B1A8561B69B76200C6E6E2 /* Release */ = {
			isa = XCBuildConfiguration;
			buildSettings = {
				ALWAYS_SEARCH_USER_PATHS = NO;
				CLANG_CXX_LANGUAGE_STANDARD = "gnu++0x";
				CLANG_CXX_LIBRARY = "libc++";
				CLANG_ENABLE_MODULES = YES;
				CLANG_ENABLE_OBJC_ARC = YES;
				CLANG_WARN_BOOL_CONVERSION = YES;
				CLANG_WARN_CONSTANT_CONVERSION = YES;
				CLANG_WARN_DIRECT_OBJC_ISA_USAGE = YES_ERROR;
				CLANG_WARN_EMPTY_BODY = YES;
				CLANG_WARN_ENUM_CONVERSION = YES;
				CLANG_WARN_INT_CONVERSION = YES;
				CLANG_WARN_OBJC_ROOT_CLASS = YES_ERROR;
				CLANG_WARN_UNREACHABLE_CODE = YES;
				CLANG_WARN__DUPLICATE_METHOD_MATCH = YES;
				"CODE_SIGN_IDENTITY[sdk=iphoneos*]" = "iPhone Developer";
				COPY_PHASE_STRIP = YES;
				ENABLE_NS_ASSERTIONS = NO;
				ENABLE_STRICT_OBJC_MSGSEND = YES;
				GCC_C_LANGUAGE_STANDARD = gnu99;
				GCC_WARN_64_TO_32_BIT_CONVERSION = YES;
				GCC_WARN_ABOUT_RETURN_TYPE = YES_ERROR;
				GCC_WARN_UNDECLARED_SELECTOR = YES;
				GCC_WARN_UNINITIALIZED_AUTOS = YES_AGGRESSIVE;
				GCC_WARN_UNUSED_FUNCTION = YES;
				GCC_WARN_UNUSED_VARIABLE = YES;
				IPHONEOS_DEPLOYMENT_TARGET = 8.1;
				MTL_ENABLE_DEBUG_INFO = NO;
				SDKROOT = iphoneos;
				VALIDATE_PRODUCT = YES;
			};
			name = Release;
		};
		D7B1A8581B69B76200C6E6E2 /* Debug */ = {
			isa = XCBuildConfiguration;
			buildSettings = {
				ASSETCATALOG_COMPILER_APPICON_NAME = AppIcon;
				INFOPLIST_FILE = "Rain rain go away!/Info.plist";
				LD_RUNPATH_SEARCH_PATHS = "$(inherited) @executable_path/Frameworks";
				PRODUCT_NAME = "$(TARGET_NAME)";
			};
			name = Debug;
		};
		D7B1A8591B69B76200C6E6E2 /* Release */ = {
			isa = XCBuildConfiguration;
			buildSettings = {
				ASSETCATALOG_COMPILER_APPICON_NAME = AppIcon;
				INFOPLIST_FILE = "Rain rain go away!/Info.plist";
				LD_RUNPATH_SEARCH_PATHS = "$(inherited) @executable_path/Frameworks";
				PRODUCT_NAME = "$(TARGET_NAME)";
			};
			name = Release;
		};
		D7B1A85B1B69B76200C6E6E2 /* Debug */ = {
			isa = XCBuildConfiguration;
			buildSettings = {
				BUNDLE_LOADER = "$(TEST_HOST)";
				FRAMEWORK_SEARCH_PATHS = (
					"$(SDKROOT)/Developer/Library/Frameworks",
					"$(inherited)",
				);
				GCC_PREPROCESSOR_DEFINITIONS = (
					"DEBUG=1",
					"$(inherited)",
				);
				INFOPLIST_FILE = "Rain rain go away!Tests/Info.plist";
				LD_RUNPATH_SEARCH_PATHS = "$(inherited) @executable_path/Frameworks @loader_path/Frameworks";
				PRODUCT_NAME = "$(TARGET_NAME)";
				TEST_HOST = "$(BUILT_PRODUCTS_DIR)/Rain rain go away!.app/Rain rain go away!";
			};
			name = Debug;
		};
		D7B1A85C1B69B76200C6E6E2 /* Release */ = {
			isa = XCBuildConfiguration;
			buildSettings = {
				BUNDLE_LOADER = "$(TEST_HOST)";
				FRAMEWORK_SEARCH_PATHS = (
					"$(SDKROOT)/Developer/Library/Frameworks",
					"$(inherited)",
				);
				INFOPLIST_FILE = "Rain rain go away!Tests/Info.plist";
				LD_RUNPATH_SEARCH_PATHS = "$(inherited) @executable_path/Frameworks @loader_path/Frameworks";
				PRODUCT_NAME = "$(TARGET_NAME)";
				TEST_HOST = "$(BUILT_PRODUCTS_DIR)/Rain rain go away!.app/Rain rain go away!";
			};
			name = Release;
		};
/* End XCBuildConfiguration section */

/* Begin XCConfigurationList section */
		D7B1A8331B69B76100C6E6E2 /* Build configuration list for PBXProject "Rain rain go away!" */ = {
			isa = XCConfigurationList;
			buildConfigurations = (
				D7B1A8551B69B76200C6E6E2 /* Debug */,
				D7B1A8561B69B76200C6E6E2 /* Release */,
			);
			defaultConfigurationIsVisible = 0;
			defaultConfigurationName = Release;
		};
		D7B1A8571B69B76200C6E6E2 /* Build configuration list for PBXNativeTarget "Rain rain go away!" */ = {
			isa = XCConfigurationList;
			buildConfigurations = (
				D7B1A8581B69B76200C6E6E2 /* Debug */,
				D7B1A8591B69B76200C6E6E2 /* Release */,
			);
			defaultConfigurationIsVisible = 0;
		};
		D7B1A85A1B69B76200C6E6E2 /* Build configuration list for PBXNativeTarget "Rain rain go away!Tests" */ = {
			isa = XCConfigurationList;
			buildConfigurations = (
				D7B1A85B1B69B76200C6E6E2 /* Debug */,
				D7B1A85C1B69B76200C6E6E2 /* Release */,
			);
			defaultConfigurationIsVisible = 0;
		};
/* End XCConfigurationList section */
	};
	rootObject = D7B1A8301B69B76100C6E6E2 /* Project object */;
}
